// !$*UTF8*$!
{
	archiveVersion = 1;
	classes = {
	};
	objectVersion = 50;
	objects = {

/* Begin PBXBuildFile section */
		804B2EED251D139C00CB7547 /* PokemonGenerator.swift in Sources */ = {isa = PBXBuildFile; fileRef = 804B2EEA251D139C00CB7547 /* PokemonGenerator.swift */; };
		804B2EEE251D139C00CB7547 /* Pokemon.swift in Sources */ = {isa = PBXBuildFile; fileRef = 804B2EEB251D139C00CB7547 /* Pokemon.swift */; };
		804B2EEF251D139C00CB7547 /* pokemons.json in Resources */ = {isa = PBXBuildFile; fileRef = 804B2EEC251D139C00CB7547 /* pokemons.json */; };
		804B2EF9251D2B2800CB7547 /* CollectionViewCell.swift in Sources */ = {isa = PBXBuildFile; fileRef = 804B2EF8251D2B2800CB7547 /* CollectionViewCell.swift */; };
		8051502A252C4CD300810EA7 /* FilterViewController.swift in Sources */ = {isa = PBXBuildFile; fileRef = 80515029252C4CD300810EA7 /* FilterViewController.swift */; };
		8051502C252D41C300810EA7 /* FilterTypeCollectionViewCell.swift in Sources */ = {isa = PBXBuildFile; fileRef = 8051502B252D41C300810EA7 /* FilterTypeCollectionViewCell.swift */; };
		8091737A251AFB50000858A9 /* AppDelegate.swift in Sources */ = {isa = PBXBuildFile; fileRef = 80917379251AFB50000858A9 /* AppDelegate.swift */; };
		8091737C251AFB50000858A9 /* SceneDelegate.swift in Sources */ = {isa = PBXBuildFile; fileRef = 8091737B251AFB50000858A9 /* SceneDelegate.swift */; };
		80917381251AFB50000858A9 /* Main.storyboard in Resources */ = {isa = PBXBuildFile; fileRef = 8091737F251AFB50000858A9 /* Main.storyboard */; };
		80917383251AFB56000858A9 /* Assets.xcassets in Resources */ = {isa = PBXBuildFile; fileRef = 80917382251AFB56000858A9 /* Assets.xcassets */; };
		80917386251AFB56000858A9 /* LaunchScreen.storyboard in Resources */ = {isa = PBXBuildFile; fileRef = 80917384251AFB56000858A9 /* LaunchScreen.storyboard */; };
		80A9B9FA251FC1F500171297 /* PokemonViewController.swift in Sources */ = {isa = PBXBuildFile; fileRef = 80A9B9F9251FC1F500171297 /* PokemonViewController.swift */; };
		80B932EB25240AED00357092 /* PokemonDetailVC.swift in Sources */ = {isa = PBXBuildFile; fileRef = 80B932EA25240AED00357092 /* PokemonDetailVC.swift */; };
/* End PBXBuildFile section */

/* Begin PBXFileReference section */
		804B2EEA251D139C00CB7547 /* PokemonGenerator.swift */ = {isa = PBXFileReference; fileEncoding = 4; lastKnownFileType = sourcecode.swift; path = PokemonGenerator.swift; sourceTree = "<group>"; };
		804B2EEB251D139C00CB7547 /* Pokemon.swift */ = {isa = PBXFileReference; fileEncoding = 4; lastKnownFileType = sourcecode.swift; path = Pokemon.swift; sourceTree = "<group>"; };
		804B2EEC251D139C00CB7547 /* pokemons.json */ = {isa = PBXFileReference; fileEncoding = 4; lastKnownFileType = text.json; path = pokemons.json; sourceTree = "<group>"; };
		804B2EF8251D2B2800CB7547 /* CollectionViewCell.swift */ = {isa = PBXFileReference; lastKnownFileType = sourcecode.swift; path = CollectionViewCell.swift; sourceTree = "<group>"; };
		80515029252C4CD300810EA7 /* FilterViewController.swift */ = {isa = PBXFileReference; lastKnownFileType = sourcecode.swift; path = FilterViewController.swift; sourceTree = "<group>"; };
		8051502B252D41C300810EA7 /* FilterTypeCollectionViewCell.swift */ = {isa = PBXFileReference; lastKnownFileType = sourcecode.swift; path = FilterTypeCollectionViewCell.swift; sourceTree = "<group>"; };
		80917376251AFB50000858A9 /* pokedex.app */ = {isa = PBXFileReference; explicitFileType = wrapper.application; includeInIndex = 0; path = pokedex.app; sourceTree = BUILT_PRODUCTS_DIR; };
		80917379251AFB50000858A9 /* AppDelegate.swift */ = {isa = PBXFileReference; lastKnownFileType = sourcecode.swift; path = AppDelegate.swift; sourceTree = "<group>"; };
		8091737B251AFB50000858A9 /* SceneDelegate.swift */ = {isa = PBXFileReference; lastKnownFileType = sourcecode.swift; path = SceneDelegate.swift; sourceTree = "<group>"; };
		80917380251AFB50000858A9 /* Base */ = {isa = PBXFileReference; lastKnownFileType = file.storyboard; name = Base; path = Base.lproj/Main.storyboard; sourceTree = "<group>"; };
		80917382251AFB56000858A9 /* Assets.xcassets */ = {isa = PBXFileReference; lastKnownFileType = folder.assetcatalog; path = Assets.xcassets; sourceTree = "<group>"; };
		80917385251AFB56000858A9 /* Base */ = {isa = PBXFileReference; lastKnownFileType = file.storyboard; name = Base; path = Base.lproj/LaunchScreen.storyboard; sourceTree = "<group>"; };
		80917387251AFB56000858A9 /* Info.plist */ = {isa = PBXFileReference; lastKnownFileType = text.plist.xml; path = Info.plist; sourceTree = "<group>"; };
		80A9B9F9251FC1F500171297 /* PokemonViewController.swift */ = {isa = PBXFileReference; lastKnownFileType = sourcecode.swift; path = PokemonViewController.swift; sourceTree = "<group>"; };
		80B932EA25240AED00357092 /* PokemonDetailVC.swift */ = {isa = PBXFileReference; lastKnownFileType = sourcecode.swift; path = PokemonDetailVC.swift; sourceTree = "<group>"; };
/* End PBXFileReference section */

/* Begin PBXFrameworksBuildPhase section */
		80917373251AFB50000858A9 /* Frameworks */ = {
			isa = PBXFrameworksBuildPhase;
			buildActionMask = 2147483647;
			files = (
			);
			runOnlyForDeploymentPostprocessing = 0;
		};
/* End PBXFrameworksBuildPhase section */

/* Begin PBXGroup section */
		8091736D251AFB50000858A9 = {
			isa = PBXGroup;
			children = (
				80917378251AFB50000858A9 /* pokedex */,
				80917377251AFB50000858A9 /* Products */,
			);
			sourceTree = "<group>";
		};
		80917377251AFB50000858A9 /* Products */ = {
			isa = PBXGroup;
			children = (
				80917376251AFB50000858A9 /* pokedex.app */,
			);
			name = Products;
			sourceTree = "<group>";
		};
		80917378251AFB50000858A9 /* pokedex */ = {
			isa = PBXGroup;
			children = (
				80B932E92524097600357092 /* Views */,
				80B932E82524092800357092 /* Resources */,
				80B932E72524090800357092 /* Models */,
				80B932E62524088B00357092 /* Controllers */,
				8091737F251AFB50000858A9 /* Main.storyboard */,
				80917384251AFB56000858A9 /* LaunchScreen.storyboard */,
				80917387251AFB56000858A9 /* Info.plist */,
			);
			path = pokedex;
			sourceTree = "<group>";
		};
		80B932E62524088B00357092 /* Controllers */ = {
			isa = PBXGroup;
			children = (
				80A9B9F9251FC1F500171297 /* PokemonViewController.swift */,
				80B932EA25240AED00357092 /* PokemonDetailVC.swift */,
				80515029252C4CD300810EA7 /* FilterViewController.swift */,
			);
			path = Controllers;
			sourceTree = "<group>";
		};
		80B932E72524090800357092 /* Models */ = {
			isa = PBXGroup;
			children = (
				804B2EEB251D139C00CB7547 /* Pokemon.swift */,
				804B2EEA251D139C00CB7547 /* PokemonGenerator.swift */,
				804B2EEC251D139C00CB7547 /* pokemons.json */,
			);
			path = Models;
			sourceTree = "<group>";
		};
		80B932E82524092800357092 /* Resources */ = {
			isa = PBXGroup;
			children = (
				80917379251AFB50000858A9 /* AppDelegate.swift */,
				8091737B251AFB50000858A9 /* SceneDelegate.swift */,
				80917382251AFB56000858A9 /* Assets.xcassets */,
			);
			path = Resources;
			sourceTree = "<group>";
		};
		80B932E92524097600357092 /* Views */ = {
			isa = PBXGroup;
			children = (
				804B2EF8251D2B2800CB7547 /* CollectionViewCell.swift */,
				8051502B252D41C300810EA7 /* FilterTypeCollectionViewCell.swift */,
			);
			path = Views;
			sourceTree = "<group>";
		};
/* End PBXGroup section */

/* Begin PBXNativeTarget section */
		80917375251AFB50000858A9 /* pokedex */ = {
			isa = PBXNativeTarget;
			buildConfigurationList = 8091738A251AFB56000858A9 /* Build configuration list for PBXNativeTarget "pokedex" */;
			buildPhases = (
				80917372251AFB50000858A9 /* Sources */,
				80917373251AFB50000858A9 /* Frameworks */,
				80917374251AFB50000858A9 /* Resources */,
			);
			buildRules = (
			);
			dependencies = (
			);
			name = pokedex;
			productName = pokedex;
			productReference = 80917376251AFB50000858A9 /* pokedex.app */;
			productType = "com.apple.product-type.application";
		};
/* End PBXNativeTarget section */

/* Begin PBXProject section */
		8091736E251AFB50000858A9 /* Project object */ = {
			isa = PBXProject;
			attributes = {
				LastSwiftUpdateCheck = 1170;
				LastUpgradeCheck = 1170;
				ORGANIZATIONNAME = "Patrick Zhu";
				TargetAttributes = {
					80917375251AFB50000858A9 = {
						CreatedOnToolsVersion = 11.7;
					};
				};
			};
			buildConfigurationList = 80917371251AFB50000858A9 /* Build configuration list for PBXProject "pokedex" */;
			compatibilityVersion = "Xcode 9.3";
			developmentRegion = en;
			hasScannedForEncodings = 0;
			knownRegions = (
				en,
				Base,
			);
			mainGroup = 8091736D251AFB50000858A9;
			productRefGroup = 80917377251AFB50000858A9 /* Products */;
			projectDirPath = "";
			projectRoot = "";
			targets = (
				80917375251AFB50000858A9 /* pokedex */,
			);
		};
/* End PBXProject section */

/* Begin PBXResourcesBuildPhase section */
		80917374251AFB50000858A9 /* Resources */ = {
			isa = PBXResourcesBuildPhase;
			buildActionMask = 2147483647;
			files = (
				80917386251AFB56000858A9 /* LaunchScreen.storyboard in Resources */,
				804B2EEF251D139C00CB7547 /* pokemons.json in Resources */,
				80917383251AFB56000858A9 /* Assets.xcassets in Resources */,
				80917381251AFB50000858A9 /* Main.storyboard in Resources */,
			);
			runOnlyForDeploymentPostprocessing = 0;
		};
/* End PBXResourcesBuildPhase section */

/* Begin PBXSourcesBuildPhase section */
		80917372251AFB50000858A9 /* Sources */ = {
			isa = PBXSourcesBuildPhase;
			buildActionMask = 2147483647;
			files = (
				804B2EEE251D139C00CB7547 /* Pokemon.swift in Sources */,
				804B2EED251D139C00CB7547 /* PokemonGenerator.swift in Sources */,
				804B2EF9251D2B2800CB7547 /* CollectionViewCell.swift in Sources */,
				8051502A252C4CD300810EA7 /* FilterViewController.swift in Sources */,
				80A9B9FA251FC1F500171297 /* PokemonViewController.swift in Sources */,
				8091737A251AFB50000858A9 /* AppDelegate.swift in Sources */,
				8051502C252D41C300810EA7 /* FilterTypeCollectionViewCell.swift in Sources */,
				80B932EB25240AED00357092 /* PokemonDetailVC.swift in Sources */,
				8091737C251AFB50000858A9 /* SceneDelegate.swift in Sources */,
			);
			runOnlyForDeploymentPostprocessing = 0;
		};
/* End PBXSourcesBuildPhase section */

/* Begin PBXVariantGroup section */
		8091737F251AFB50000858A9 /* Main.storyboard */ = {
			isa = PBXVariantGroup;
			children = (
				80917380251AFB50000858A9 /* Base */,
			);
			name = Main.storyboard;
			sourceTree = "<group>";
		};
		80917384251AFB56000858A9 /* LaunchScreen.storyboard */ = {
			isa = PBXVariantGroup;
			children = (
				80917385251AFB56000858A9 /* Base */,
			);
			name = LaunchScreen.storyboard;
			sourceTree = "<group>";
		};
/* End PBXVariantGroup section */

/* Begin XCBuildConfiguration section */
		80917388251AFB56000858A9 /* Debug */ = {
			isa = XCBuildConfiguration;
			buildSettings = {
				ALWAYS_SEARCH_USER_PATHS = NO;
				CLANG_ANALYZER_NONNULL = YES;
				CLANG_ANALYZER_NUMBER_OBJECT_CONVERSION = YES_AGGRESSIVE;
				CLANG_CXX_LANGUAGE_STANDARD = "gnu++14";
				CLANG_CXX_LIBRARY = "libc++";
				CLANG_ENABLE_MODULES = YES;
				CLANG_ENABLE_OBJC_ARC = YES;
				CLANG_ENABLE_OBJC_WEAK = YES;
				CLANG_WARN_BLOCK_CAPTURE_AUTORELEASING = YES;
				CLANG_WARN_BOOL_CONVERSION = YES;
				CLANG_WARN_COMMA = YES;
				CLANG_WARN_CONSTANT_CONVERSION = YES;
				CLANG_WARN_DEPRECATED_OBJC_IMPLEMENTATIONS = YES;
				CLANG_WARN_DIRECT_OBJC_ISA_USAGE = YES_ERROR;
				CLANG_WARN_DOCUMENTATION_COMMENTS = YES;
				CLANG_WARN_EMPTY_BODY = YES;
				CLANG_WARN_ENUM_CONVERSION = YES;
				CLANG_WARN_INFINITE_RECURSION = YES;
				CLANG_WARN_INT_CONVERSION = YES;
				CLANG_WARN_NON_LITERAL_NULL_CONVERSION = YES;
				CLANG_WARN_OBJC_IMPLICIT_RETAIN_SELF = YES;
				CLANG_WARN_OBJC_LITERAL_CONVERSION = YES;
				CLANG_WARN_OBJC_ROOT_CLASS = YES_ERROR;
				CLANG_WARN_RANGE_LOOP_ANALYSIS = YES;
				CLANG_WARN_STRICT_PROTOTYPES = YES;
				CLANG_WARN_SUSPICIOUS_MOVE = YES;
				CLANG_WARN_UNGUARDED_AVAILABILITY = YES_AGGRESSIVE;
				CLANG_WARN_UNREACHABLE_CODE = YES;
				CLANG_WARN__DUPLICATE_METHOD_MATCH = YES;
				COPY_PHASE_STRIP = NO;
				DEBUG_INFORMATION_FORMAT = dwarf;
				ENABLE_STRICT_OBJC_MSGSEND = YES;
				ENABLE_TESTABILITY = YES;
				GCC_C_LANGUAGE_STANDARD = gnu11;
				GCC_DYNAMIC_NO_PIC = NO;
				GCC_NO_COMMON_BLOCKS = YES;
				GCC_OPTIMIZATION_LEVEL = 0;
				GCC_PREPROCESSOR_DEFINITIONS = (
					"DEBUG=1",
					"$(inherited)",
				);
				GCC_WARN_64_TO_32_BIT_CONVERSION = YES;
				GCC_WARN_ABOUT_RETURN_TYPE = YES_ERROR;
				GCC_WARN_UNDECLARED_SELECTOR = YES;
				GCC_WARN_UNINITIALIZED_AUTOS = YES_AGGRESSIVE;
				GCC_WARN_UNUSED_FUNCTION = YES;
				GCC_WARN_UNUSED_VARIABLE = YES;
				IPHONEOS_DEPLOYMENT_TARGET = 13.7;
				MTL_ENABLE_DEBUG_INFO = INCLUDE_SOURCE;
				MTL_FAST_MATH = YES;
				ONLY_ACTIVE_ARCH = YES;
				SDKROOT = iphoneos;
				SWIFT_ACTIVE_COMPILATION_CONDITIONS = DEBUG;
				SWIFT_OPTIMIZATION_LEVEL = "-Onone";
			};
			name = Debug;
		};
		80917389251AFB56000858A9 /* Release */ = {
			isa = XCBuildConfiguration;
			buildSettings = {
				ALWAYS_SEARCH_USER_PATHS = NO;
				CLANG_ANALYZER_NONNULL = YES;
				CLANG_ANALYZER_NUMBER_OBJECT_CONVERSION = YES_AGGRESSIVE;
				CLANG_CXX_LANGUAGE_STANDARD = "gnu++14";
				CLANG_CXX_LIBRARY = "libc++";
				CLANG_ENABLE_MODULES = YES;
				CLANG_ENABLE_OBJC_ARC = YES;
				CLANG_ENABLE_OBJC_WEAK = YES;
				CLANG_WARN_BLOCK_CAPTURE_AUTORELEASING = YES;
				CLANG_WARN_BOOL_CONVERSION = YES;
				CLANG_WARN_COMMA = YES;
				CLANG_WARN_CONSTANT_CONVERSION = YES;
				CLANG_WARN_DEPRECATED_OBJC_IMPLEMENTATIONS = YES;
				CLANG_WARN_DIRECT_OBJC_ISA_USAGE = YES_ERROR;
				CLANG_WARN_DOCUMENTATION_COMMENTS = YES;
				CLANG_WARN_EMPTY_BODY = YES;
				CLANG_WARN_ENUM_CONVERSION = YES;
				CLANG_WARN_INFINITE_RECURSION = YES;
				CLANG_WARN_INT_CONVERSION = YES;
				CLANG_WARN_NON_LITERAL_NULL_CONVERSION = YES;
				CLANG_WARN_OBJC_IMPLICIT_RETAIN_SELF = YES;
				CLANG_WARN_OBJC_LITERAL_CONVERSION = YES;
				CLANG_WARN_OBJC_ROOT_CLASS = YES_ERROR;
				CLANG_WARN_RANGE_LOOP_ANALYSIS = YES;
				CLANG_WARN_STRICT_PROTOTYPES = YES;
				CLANG_WARN_SUSPICIOUS_MOVE = YES;
				CLANG_WARN_UNGUARDED_AVAILABILITY = YES_AGGRESSIVE;
				CLANG_WARN_UNREACHABLE_CODE = YES;
				CLANG_WARN__DUPLICATE_METHOD_MATCH = YES;
				COPY_PHASE_STRIP = NO;
				DEBUG_INFORMATION_FORMAT = "dwarf-with-dsym";
				ENABLE_NS_ASSERTIONS = NO;
				ENABLE_STRICT_OBJC_MSGSEND = YES;
				GCC_C_LANGUAGE_STANDARD = gnu11;
				GCC_NO_COMMON_BLOCKS = YES;
				GCC_WARN_64_TO_32_BIT_CONVERSION = YES;
				GCC_WARN_ABOUT_RETURN_TYPE = YES_ERROR;
				GCC_WARN_UNDECLARED_SELECTOR = YES;
				GCC_WARN_UNINITIALIZED_AUTOS = YES_AGGRESSIVE;
				GCC_WARN_UNUSED_FUNCTION = YES;
				GCC_WARN_UNUSED_VARIABLE = YES;
				IPHONEOS_DEPLOYMENT_TARGET = 13.7;
				MTL_ENABLE_DEBUG_INFO = NO;
				MTL_FAST_MATH = YES;
				SDKROOT = iphoneos;
				SWIFT_COMPILATION_MODE = wholemodule;
				SWIFT_OPTIMIZATION_LEVEL = "-O";
				VALIDATE_PRODUCT = YES;
			};
			name = Release;
		};
		8091738B251AFB56000858A9 /* Debug */ = {
			isa = XCBuildConfiguration;
			buildSettings = {
				ASSETCATALOG_COMPILER_APPICON_NAME = AppIcon;
				CODE_SIGN_STYLE = Automatic;
				INFOPLIST_FILE = pokedex/Info.plist;
				LD_RUNPATH_SEARCH_PATHS = (
					"$(inherited)",
					"@executable_path/Frameworks",
				);
				PRODUCT_BUNDLE_IDENTIFIER = com.patrickrz.pokedex;
				PRODUCT_NAME = "$(TARGET_NAME)";
				SWIFT_VERSION = 5.0;
				TARGETED_DEVICE_FAMILY = "1,2";
			};
			name = Debug;
		};
		8091738C251AFB56000858A9 /* Release */ = {
			isa = XCBuildConfiguration;
			buildSettings = {
				ASSETCATALOG_COMPILER_APPICON_NAME = AppIcon;
				CODE_SIGN_STYLE = Automatic;
				INFOPLIST_FILE = pokedex/Info.plist;
				LD_RUNPATH_SEARCH_PATHS = (
					"$(inherited)",
					"@executable_path/Frameworks",
				);
				PRODUCT_BUNDLE_IDENTIFIER = com.patrickrz.pokedex;
				PRODUCT_NAME = "$(TARGET_NAME)";
				SWIFT_VERSION = 5.0;
				TARGETED_DEVICE_FAMILY = "1,2";
			};
			name = Release;
		};
/* End XCBuildConfiguration section */

/* Begin XCConfigurationList section */
		80917371251AFB50000858A9 /* Build configuration list for PBXProject "pokedex" */ = {
			isa = XCConfigurationList;
			buildConfigurations = (
				80917388251AFB56000858A9 /* Debug */,
				80917389251AFB56000858A9 /* Release */,
			);
			defaultConfigurationIsVisible = 0;
			defaultConfigurationName = Release;
		};
		8091738A251AFB56000858A9 /* Build configuration list for PBXNativeTarget "pokedex" */ = {
			isa = XCConfigurationList;
			buildConfigurations = (
				8091738B251AFB56000858A9 /* Debug */,
				8091738C251AFB56000858A9 /* Release */,
			);
			defaultConfigurationIsVisible = 0;
			defaultConfigurationName = Release;
		};
/* End XCConfigurationList section */
	};
	rootObject = 8091736E251AFB50000858A9 /* Project object */;
}
